Microsoft Visual Studio Solution File, Format Version 12.00
# Visual Studio Version 17
VisualStudioVersion = 17.5.2.0
MinimumVisualStudioVersion = 10.0.40219.1
Project("{2150E333-8FDC-42A3-9474-1A3956D46DE8}") = "projects", "projects", "{17245595-230B-9055-A944-863F0DDDA8E8}"
EndProject
Project("{FAE04EC0-301F-11D3-BF4B-00C04F79EFBC}") = "t16o-api", "projects\t16o-api\t16o-api.csproj", "{A5E0E823-305B-7363-BB31-A70F82F64232}"
EndProject
Global
	GlobalSection(SolutionConfigurationPlatforms) = preSolution
		Debug|Any CPU = Debug|Any CPU
		Release|Any CPU = Release|Any CPU
	EndGlobalSection
	GlobalSection(ProjectConfigurationPlatforms) = postSolution
		{A5E0E823-305B-7363-BB31-A70F82F64232}.Debug|Any CPU.ActiveCfg = Debug|Any CPU
		{A5E0E823-305B-7363-BB31-A70F82F64232}.Debug|Any CPU.Build.0 = Debug|Any CPU
		{A5E0E823-305B-7363-BB31-A70F82F64232}.Release|Any CPU.ActiveCfg = Release|Any CPU
		{A5E0E823-305B-7363-BB31-A70F82F64232}.Release|Any CPU.Build.0 = Release|Any CPU
	EndGlobalSection
	GlobalSection(SolutionProperties) = preSolution
		HideSolutionNode = FALSE
	EndGlobalSection
	GlobalSection(NestedProjects) = preSolution
		{A5E0E823-305B-7363-BB31-A70F82F64232} = {17245595-230B-9055-A944-863F0DDDA8E8}
	EndGlobalSection
	GlobalSection(ExtensibilityGlobals) = postSolution
		SolutionGuid = {0461ED9E-E2BB-4C9F-A050-4E0F6D69A4F9}
	EndGlobalSection
EndGlobal
